
Microsoft Visual Studio Solution File, Format Version 12.00
# Visual Studio Version 17
VisualStudioVersion = 17.0.31903.59
MinimumVisualStudioVersion = 10.0.40219.1
Project("{FAE04EC0-301F-11D3-BF4B-00C04F79EFBC}") = "Vocabulary", "Vocabulary\Vocabulary.csproj", "{4723D478-25CC-451E-BFB6-491AD008E00E}"
EndProject
Project("{FAE04EC0-301F-11D3-BF4B-00C04F79EFBC}") = "Variables", "Variables\Variables.csproj", "{0AC02CA5-A38A-4785-8B85-93B896EEE8FE}"
EndProject
Project("{FAE04EC0-301F-11D3-BF4B-00C04F79EFBC}") = "Formatting", "Formatting\Formatting.csproj", "{B1DFBDA0-F09A-4ECF-BC60-5DB62DE15C4B}"
EndProject
Global
	GlobalSection(SolutionConfigurationPlatforms) = preSolution
		Debug|Any CPU = Debug|Any CPU
		Release|Any CPU = Release|Any CPU
	EndGlobalSection
	GlobalSection(SolutionProperties) = preSolution
		HideSolutionNode = FALSE
	EndGlobalSection
	GlobalSection(ProjectConfigurationPlatforms) = postSolution
		{4723D478-25CC-451E-BFB6-491AD008E00E}.Debug|Any CPU.ActiveCfg = Debug|Any CPU
		{4723D478-25CC-451E-BFB6-491AD008E00E}.Debug|Any CPU.Build.0 = Debug|Any CPU
		{4723D478-25CC-451E-BFB6-491AD008E00E}.Release|Any CPU.ActiveCfg = Release|Any CPU
		{4723D478-25CC-451E-BFB6-491AD008E00E}.Release|Any CPU.Build.0 = Release|Any CPU
		{0AC02CA5-A38A-4785-8B85-93B896EEE8FE}.Debug|Any CPU.ActiveCfg = Debug|Any CPU
		{0AC02CA5-A38A-4785-8B85-93B896EEE8FE}.Debug|Any CPU.Build.0 = Debug|Any CPU
		{0AC02CA5-A38A-4785-8B85-93B896EEE8FE}.Release|Any CPU.ActiveCfg = Release|Any CPU
		{0AC02CA5-A38A-4785-8B85-93B896EEE8FE}.Release|Any CPU.Build.0 = Release|Any CPU
		{B1DFBDA0-F09A-4ECF-BC60-5DB62DE15C4B}.Debug|Any CPU.ActiveCfg = Debug|Any CPU
		{B1DFBDA0-F09A-4ECF-BC60-5DB62DE15C4B}.Debug|Any CPU.Build.0 = Debug|Any CPU
		{B1DFBDA0-F09A-4ECF-BC60-5DB62DE15C4B}.Release|Any CPU.ActiveCfg = Release|Any CPU
		{B1DFBDA0-F09A-4ECF-BC60-5DB62DE15C4B}.Release|Any CPU.Build.0 = Release|Any CPU
	EndGlobalSection
EndGlobal
